// !$*UTF8*$!
{
	archiveVersion = 1;
	classes = {
	};
	objectVersion = 50;
	objects = {

/* Begin PBXBuildFile section */
		031929D8256B2AC5002851FA /* AppDelegate.swift in Sources */ = {isa = PBXBuildFile; fileRef = 031929D7256B2AC5002851FA /* AppDelegate.swift */; };
		031929DA256B2AC5002851FA /* SceneDelegate.swift in Sources */ = {isa = PBXBuildFile; fileRef = 031929D9256B2AC5002851FA /* SceneDelegate.swift */; };
		031929DC256B2AC5002851FA /* ViewController.swift in Sources */ = {isa = PBXBuildFile; fileRef = 031929DB256B2AC5002851FA /* ViewController.swift */; };
		031929DF256B2AC5002851FA /* Main.storyboard in Resources */ = {isa = PBXBuildFile; fileRef = 031929DD256B2AC5002851FA /* Main.storyboard */; };
		031929E1256B2ACA002851FA /* Assets.xcassets in Resources */ = {isa = PBXBuildFile; fileRef = 031929E0256B2ACA002851FA /* Assets.xcassets */; };
		031929E4256B2ACA002851FA /* LaunchScreen.storyboard in Resources */ = {isa = PBXBuildFile; fileRef = 031929E2256B2ACA002851FA /* LaunchScreen.storyboard */; };
		039B734E256BDCCE00192AAC /* boom.mp3 in Resources */ = {isa = PBXBuildFile; fileRef = 039B734C256BDCCE00192AAC /* boom.mp3 */; };
		039B734F256BDCCE00192AAC /* ticking.mp3 in Resources */ = {isa = PBXBuildFile; fileRef = 039B734D256BDCCE00192AAC /* ticking.mp3 */; };
/* End PBXBuildFile section */

/* Begin PBXFileReference section */
		031929D4256B2AC5002851FA /* Hot Potato.app */ = {isa = PBXFileReference; explicitFileType = wrapper.application; includeInIndex = 0; path = "Hot Potato.app"; sourceTree = BUILT_PRODUCTS_DIR; };
		031929D7256B2AC5002851FA /* AppDelegate.swift */ = {isa = PBXFileReference; lastKnownFileType = sourcecode.swift; path = AppDelegate.swift; sourceTree = "<group>"; };
		031929D9256B2AC5002851FA /* SceneDelegate.swift */ = {isa = PBXFileReference; lastKnownFileType = sourcecode.swift; path = SceneDelegate.swift; sourceTree = "<group>"; };
		031929DB256B2AC5002851FA /* ViewController.swift */ = {isa = PBXFileReference; lastKnownFileType = sourcecode.swift; path = ViewController.swift; sourceTree = "<group>"; };
		031929DE256B2AC5002851FA /* Base */ = {isa = PBXFileReference; lastKnownFileType = file.storyboard; name = Base; path = Base.lproj/Main.storyboard; sourceTree = "<group>"; };
		031929E0256B2ACA002851FA /* Assets.xcassets */ = {isa = PBXFileReference; lastKnownFileType = folder.assetcatalog; path = Assets.xcassets; sourceTree = "<group>"; };
		031929E3256B2ACA002851FA /* Base */ = {isa = PBXFileReference; lastKnownFileType = file.storyboard; name = Base; path = Base.lproj/LaunchScreen.storyboard; sourceTree = "<group>"; };
		031929E5256B2ACA002851FA /* Info.plist */ = {isa = PBXFileReference; lastKnownFileType = text.plist.xml; path = Info.plist; sourceTree = "<group>"; };
		039B734C256BDCCE00192AAC /* boom.mp3 */ = {isa = PBXFileReference; lastKnownFileType = audio.mp3; path = boom.mp3; sourceTree = SOURCE_ROOT; };
		039B734D256BDCCE00192AAC /* ticking.mp3 */ = {isa = PBXFileReference; lastKnownFileType = audio.mp3; path = ticking.mp3; sourceTree = SOURCE_ROOT; };
/* End PBXFileReference section */

/* Begin PBXFrameworksBuildPhase section */
		031929D1256B2AC5002851FA /* Frameworks */ = {
			isa = PBXFrameworksBuildPhase;
			buildActionMask = 2147483647;
			files = (
			);
			runOnlyForDeploymentPostprocessing = 0;
		};
/* End PBXFrameworksBuildPhase section */

/* Begin PBXGroup section */
		031929CB256B2AC5002851FA = {
			isa = PBXGroup;
			children = (
				031929D6256B2AC5002851FA /* Hot Potato */,
				031929D5256B2AC5002851FA /* Products */,
			);
			sourceTree = "<group>";
		};
		031929D5256B2AC5002851FA /* Products */ = {
			isa = PBXGroup;
			children = (
				031929D4256B2AC5002851FA /* Hot Potato.app */,
			);
			name = Products;
			sourceTree = "<group>";
		};
		031929D6256B2AC5002851FA /* Hot Potato */ = {
			isa = PBXGroup;
			children = (
				031929D7256B2AC5002851FA /* AppDelegate.swift */,
				031929D9256B2AC5002851FA /* SceneDelegate.swift */,
				031929DB256B2AC5002851FA /* ViewController.swift */,
				031929DD256B2AC5002851FA /* Main.storyboard */,
				031929E0256B2ACA002851FA /* Assets.xcassets */,
				039B734C256BDCCE00192AAC /* boom.mp3 */,
				039B734D256BDCCE00192AAC /* ticking.mp3 */,
				031929E2256B2ACA002851FA /* LaunchScreen.storyboard */,
				031929E5256B2ACA002851FA /* Info.plist */,
			);
			path = "Hot Potato";
			sourceTree = "<group>";
		};
/* End PBXGroup section */

/* Begin PBXNativeTarget section */
		031929D3256B2AC5002851FA /* Hot Potato */ = {
			isa = PBXNativeTarget;
			buildConfigurationList = 031929E8256B2ACA002851FA /* Build configuration list for PBXNativeTarget "Hot Potato" */;
			buildPhases = (
				031929D0256B2AC5002851FA /* Sources */,
				031929D1256B2AC5002851FA /* Frameworks */,
				031929D2256B2AC5002851FA /* Resources */,
			);
			buildRules = (
			);
			dependencies = (
			);
			name = "Hot Potato";
			productName = Hot;
			productReference = 031929D4256B2AC5002851FA /* Hot Potato.app */;
			productType = "com.apple.product-type.application";
		};
/* End PBXNativeTarget section */

/* Begin PBXProject section */
		031929CC256B2AC5002851FA /* Project object */ = {
			isa = PBXProject;
			attributes = {
				LastSwiftUpdateCheck = 1220;
				LastUpgradeCheck = 1220;
				TargetAttributes = {
					031929D3256B2AC5002851FA = {
						CreatedOnToolsVersion = 12.2;
					};
				};
			};
			buildConfigurationList = 031929CF256B2AC5002851FA /* Build configuration list for PBXProject "Hot Potato" */;
			compatibilityVersion = "Xcode 9.3";
			developmentRegion = en;
			hasScannedForEncodings = 0;
			knownRegions = (
				en,
				Base,
			);
			mainGroup = 031929CB256B2AC5002851FA;
			productRefGroup = 031929D5256B2AC5002851FA /* Products */;
			projectDirPath = "";
			projectRoot = "";
			targets = (
				031929D3256B2AC5002851FA /* Hot Potato */,
			);
		};
/* End PBXProject section */

/* Begin PBXResourcesBuildPhase section */
		031929D2256B2AC5002851FA /* Resources */ = {
			isa = PBXResourcesBuildPhase;
			buildActionMask = 2147483647;
			files = (
				031929E4256B2ACA002851FA /* LaunchScreen.storyboard in Resources */,
				031929E1256B2ACA002851FA /* Assets.xcassets in Resources */,
				039B734F256BDCCE00192AAC /* ticking.mp3 in Resources */,
				031929DF256B2AC5002851FA /* Main.storyboard in Resources */,
				039B734E256BDCCE00192AAC /* boom.mp3 in Resources */,
			);
			runOnlyForDeploymentPostprocessing = 0;
		};
/* End PBXResourcesBuildPhase section */

/* Begin PBXSourcesBuildPhase section */
		031929D0256B2AC5002851FA /* Sources */ = {
			isa = PBXSourcesBuildPhase;
			buildActionMask = 2147483647;
			files = (
				031929DC256B2AC5002851FA /* ViewController.swift in Sources */,
				031929D8256B2AC5002851FA /* AppDelegate.swift in Sources */,
				031929DA256B2AC5002851FA /* SceneDelegate.swift in Sources */,
			);
			runOnlyForDeploymentPostprocessing = 0;
		};
/* End PBXSourcesBuildPhase section */

/* Begin PBXVariantGroup section */
		031929DD256B2AC5002851FA /* Main.storyboard */ = {
			isa = PBXVariantGroup;
			children = (
				031929DE256B2AC5002851FA /* Base */,
			);
			name = Main.storyboard;
			sourceTree = "<group>";
		};
		031929E2256B2ACA002851FA /* LaunchScreen.storyboard */ = {
			isa = PBXVariantGroup;
			children = (
				031929E3256B2ACA002851FA /* Base */,
			);
			name = LaunchScreen.storyboard;
			sourceTree = "<group>";
		};
/* End PBXVariantGroup section */

/* Begin XCBuildConfiguration section */
		031929E6256B2ACA002851FA /* Debug */ = {
			isa = XCBuildConfiguration;
			buildSettings = {
				ALWAYS_SEARCH_USER_PATHS = NO;
				CLANG_ANALYZER_NONNULL = YES;
				CLANG_ANALYZER_NUMBER_OBJECT_CONVERSION = YES_AGGRESSIVE;
				CLANG_CXX_LANGUAGE_STANDARD = "gnu++14";
				CLANG_CXX_LIBRARY = "libc++";
				CLANG_ENABLE_MODULES = YES;
				CLANG_ENABLE_OBJC_ARC = YES;
				CLANG_ENABLE_OBJC_WEAK = YES;
				CLANG_WARN_BLOCK_CAPTURE_AUTORELEASING = YES;
				CLANG_WARN_BOOL_CONVERSION = YES;
				CLANG_WARN_COMMA = YES;
				CLANG_WARN_CONSTANT_CONVERSION = YES;
				CLANG_WARN_DEPRECATED_OBJC_IMPLEMENTATIONS = YES;
				CLANG_WARN_DIRECT_OBJC_ISA_USAGE = YES_ERROR;
				CLANG_WARN_DOCUMENTATION_COMMENTS = YES;
				CLANG_WARN_EMPTY_BODY = YES;
				CLANG_WARN_ENUM_CONVERSION = YES;
				CLANG_WARN_INFINITE_RECURSION = YES;
				CLANG_WARN_INT_CONVERSION = YES;
				CLANG_WARN_NON_LITERAL_NULL_CONVERSION = YES;
				CLANG_WARN_OBJC_IMPLICIT_RETAIN_SELF = YES;
				CLANG_WARN_OBJC_LITERAL_CONVERSION = YES;
				CLANG_WARN_OBJC_ROOT_CLASS = YES_ERROR;
				CLANG_WARN_QUOTED_INCLUDE_IN_FRAMEWORK_HEADER = YES;
				CLANG_WARN_RANGE_LOOP_ANALYSIS = YES;
				CLANG_WARN_STRICT_PROTOTYPES = YES;
				CLANG_WARN_SUSPICIOUS_MOVE = YES;
				CLANG_WARN_UNGUARDED_AVAILABILITY = YES_AGGRESSIVE;
				CLANG_WARN_UNREACHABLE_CODE = YES;
				CLANG_WARN__DUPLICATE_METHOD_MATCH = YES;
				COPY_PHASE_STRIP = NO;
				DEBUG_INFORMATION_FORMAT = dwarf;
				ENABLE_STRICT_OBJC_MSGSEND = YES;
				ENABLE_TESTABILITY = YES;
				GCC_C_LANGUAGE_STANDARD = gnu11;
				GCC_DYNAMIC_NO_PIC = NO;
				GCC_NO_COMMON_BLOCKS = YES;
				GCC_OPTIMIZATION_LEVEL = 0;
				GCC_PREPROCESSOR_DEFINITIONS = (
					"DEBUG=1",
					"$(inherited)",
				);
				GCC_WARN_64_TO_32_BIT_CONVERSION = YES;
				GCC_WARN_ABOUT_RETURN_TYPE = YES_ERROR;
				GCC_WARN_UNDECLARED_SELECTOR = YES;
				GCC_WARN_UNINITIALIZED_AUTOS = YES_AGGRESSIVE;
				GCC_WARN_UNUSED_FUNCTION = YES;
				GCC_WARN_UNUSED_VARIABLE = YES;
				IPHONEOS_DEPLOYMENT_TARGET = 14.2;
				MTL_ENABLE_DEBUG_INFO = INCLUDE_SOURCE;
				MTL_FAST_MATH = YES;
				ONLY_ACTIVE_ARCH = YES;
				SDKROOT = iphoneos;
				SWIFT_ACTIVE_COMPILATION_CONDITIONS = DEBUG;
				SWIFT_OPTIMIZATION_LEVEL = "-Onone";
			};
			name = Debug;
		};
		031929E7256B2ACA002851FA /* Release */ = {
			isa = XCBuildConfiguration;
			buildSettings = {
				ALWAYS_SEARCH_USER_PATHS = NO;
				CLANG_ANALYZER_NONNULL = YES;
				CLANG_ANALYZER_NUMBER_OBJECT_CONVERSION = YES_AGGRESSIVE;
				CLANG_CXX_LANGUAGE_STANDARD = "gnu++14";
				CLANG_CXX_LIBRARY = "libc++";
				CLANG_ENABLE_MODULES = YES;
				CLANG_ENABLE_OBJC_ARC = YES;
				CLANG_ENABLE_OBJC_WEAK = YES;
				CLANG_WARN_BLOCK_CAPTURE_AUTORELEASING = YES;
				CLANG_WARN_BOOL_CONVERSION = YES;
				CLANG_WARN_COMMA = YES;
				CLANG_WARN_CONSTANT_CONVERSION = YES;
				CLANG_WARN_DEPRECATED_OBJC_IMPLEMENTATIONS = YES;
				CLANG_WARN_DIRECT_OBJC_ISA_USAGE = YES_ERROR;
				CLANG_WARN_DOCUMENTATION_COMMENTS = YES;
				CLANG_WARN_EMPTY_BODY = YES;
				CLANG_WARN_ENUM_CONVERSION = YES;
				CLANG_WARN_INFINITE_RECURSION = YES;
				CLANG_WARN_INT_CONVERSION = YES;
				CLANG_WARN_NON_LITERAL_NULL_CONVERSION = YES;
				CLANG_WARN_OBJC_IMPLICIT_RETAIN_SELF = YES;
				CLANG_WARN_OBJC_LITERAL_CONVERSION = YES;
				CLANG_WARN_OBJC_ROOT_CLASS = YES_ERROR;
				CLANG_WARN_QUOTED_INCLUDE_IN_FRAMEWORK_HEADER = YES;
				CLANG_WARN_RANGE_LOOP_ANALYSIS = YES;
				CLANG_WARN_STRICT_PROTOTYPES = YES;
				CLANG_WARN_SUSPICIOUS_MOVE = YES;
				CLANG_WARN_UNGUARDED_AVAILABILITY = YES_AGGRESSIVE;
				CLANG_WARN_UNREACHABLE_CODE = YES;
				CLANG_WARN__DUPLICATE_METHOD_MATCH = YES;
				COPY_PHASE_STRIP = NO;
				DEBUG_INFORMATION_FORMAT = "dwarf-with-dsym";
				ENABLE_NS_ASSERTIONS = NO;
				ENABLE_STRICT_OBJC_MSGSEND = YES;
				GCC_C_LANGUAGE_STANDARD = gnu11;
				GCC_NO_COMMON_BLOCKS = YES;
				GCC_WARN_64_TO_32_BIT_CONVERSION = YES;
				GCC_WARN_ABOUT_RETURN_TYPE = YES_ERROR;
				GCC_WARN_UNDECLARED_SELECTOR = YES;
				GCC_WARN_UNINITIALIZED_AUTOS = YES_AGGRESSIVE;
				GCC_WARN_UNUSED_FUNCTION = YES;
				GCC_WARN_UNUSED_VARIABLE = YES;
				IPHONEOS_DEPLOYMENT_TARGET = 14.2;
				MTL_ENABLE_DEBUG_INFO = NO;
				MTL_FAST_MATH = YES;
				SDKROOT = iphoneos;
				SWIFT_COMPILATION_MODE = wholemodule;
				SWIFT_OPTIMIZATION_LEVEL = "-O";
				VALIDATE_PRODUCT = YES;
			};
			name = Release;
		};
		031929E9256B2ACA002851FA /* Debug */ = {
			isa = XCBuildConfiguration;
			buildSettings = {
				ASSETCATALOG_COMPILER_APPICON_NAME = AppIcon;
				ASSETCATALOG_COMPILER_GLOBAL_ACCENT_COLOR_NAME = AccentColor;
				CODE_SIGN_STYLE = Automatic;
				DEVELOPMENT_TEAM = 29JN99M2BX;
				INFOPLIST_FILE = "$(SRCROOT)/Hot Potato/Info.plist";
				LD_RUNPATH_SEARCH_PATHS = (
					"$(inherited)",
					"@executable_path/Frameworks",
				);
				PRODUCT_BUNDLE_IDENTIFIER = PatrickPflughaupt.HotPotato;
				PRODUCT_NAME = "$(TARGET_NAME)";
				SWIFT_VERSION = 5.0;
				TARGETED_DEVICE_FAMILY = "1,2";
			};
			name = Debug;
		};
		031929EA256B2ACA002851FA /* Release */ = {
			isa = XCBuildConfiguration;
			buildSettings = {
				ASSETCATALOG_COMPILER_APPICON_NAME = AppIcon;
				ASSETCATALOG_COMPILER_GLOBAL_ACCENT_COLOR_NAME = AccentColor;
				CODE_SIGN_STYLE = Automatic;
				DEVELOPMENT_TEAM = 29JN99M2BX;
				INFOPLIST_FILE = "$(SRCROOT)/Hot Potato/Info.plist";
				LD_RUNPATH_SEARCH_PATHS = (
					"$(inherited)",
					"@executable_path/Frameworks",
				);
				PRODUCT_BUNDLE_IDENTIFIER = PatrickPflughaupt.HotPotato;
				PRODUCT_NAME = "$(TARGET_NAME)";
				SWIFT_VERSION = 5.0;
				TARGETED_DEVICE_FAMILY = "1,2";
			};
			name = Release;
		};
/* End XCBuildConfiguration section */

/* Begin XCConfigurationList section */
		031929CF256B2AC5002851FA /* Build configuration list for PBXProject "Hot Potato" */ = {
			isa = XCConfigurationList;
			buildConfigurations = (
				031929E6256B2ACA002851FA /* Debug */,
				031929E7256B2ACA002851FA /* Release */,
			);
			defaultConfigurationIsVisible = 0;
			defaultConfigurationName = Release;
		};
		031929E8256B2ACA002851FA /* Build configuration list for PBXNativeTarget "Hot Potato" */ = {
			isa = XCConfigurationList;
			buildConfigurations = (
				031929E9256B2ACA002851FA /* Debug */,
				031929EA256B2ACA002851FA /* Release */,
			);
			defaultConfigurationIsVisible = 0;
			defaultConfigurationName = Release;
		};
/* End XCConfigurationList section */
	};
	rootObject = 031929CC256B2AC5002851FA /* Project object */;
}
